
Microsoft Visual Studio Solution File, Format Version 12.00
# Visual Studio Version 16
VisualStudioVersion = 16.0.30711.63
MinimumVisualStudioVersion = 10.0.40219.1
Project("{8BC9CEB8-8B4A-11D0-8D11-00A0C91BC942}") = "Test", "Test\Test.vcxproj", "{3E8480C1-34D9-4F8D-850D-C27282E63DA9}"
EndProject
Global
	GlobalSection(SolutionConfigurationPlatforms) = preSolution
		Debug|x64 = Debug|x64
		Debug|x86 = Debug|x86
		Release|x64 = Release|x64
		Release|x86 = Release|x86
	EndGlobalSection
	GlobalSection(ProjectConfigurationPlatforms) = postSolution
		{3E8480C1-34D9-4F8D-850D-C27282E63DA9}.Debug|x64.ActiveCfg = Debug|x64
		{3E8480C1-34D9-4F8D-850D-C27282E63DA9}.Debug|x64.Build.0 = Debug|x64
		{3E8480C1-34D9-4F8D-850D-C27282E63DA9}.Debug|x86.ActiveCfg = Debug|Win32
		{3E8480C1-34D9-4F8D-850D-C27282E63DA9}.Debug|x86.Build.0 = Debug|Win32
		{3E8480C1-34D9-4F8D-850D-C27282E63DA9}.Release|x64.ActiveCfg = Release|x64
		{3E8480C1-34D9-4F8D-850D-C27282E63DA9}.Release|x64.Build.0 = Release|x64
		{3E8480C1-34D9-4F8D-850D-C27282E63DA9}.Release|x86.ActiveCfg = Release|Win32
		{3E8480C1-34D9-4F8D-850D-C27282E63DA9}.Release|x86.Build.0 = Release|Win32
	EndGlobalSection
	GlobalSection(SolutionProperties) = preSolution
		HideSolutionNode = FALSE
	EndGlobalSection
	GlobalSection(ExtensibilityGlobals) = postSolution
		SolutionGuid = {22B57553-1F09-493C-AC76-86991AA82526}
	EndGlobalSection
EndGlobal
