
Microsoft Visual Studio Solution File, Format Version 12.00
# Visual Studio Version 16
VisualStudioVersion = 16.0.30711.63
MinimumVisualStudioVersion = 10.0.40219.1
Project("{8BC9CEB8-8B4A-11D0-8D11-00A0C91BC942}") = "RevisionPaper", "RevisionPaper\RevisionPaper.vcxproj", "{BAC8177F-1CA7-4C8F-BA35-95D4D7855C9C}"
EndProject
Global
	GlobalSection(SolutionConfigurationPlatforms) = preSolution
		Debug|x64 = Debug|x64
		Debug|x86 = Debug|x86
		Release|x64 = Release|x64
		Release|x86 = Release|x86
	EndGlobalSection
	GlobalSection(ProjectConfigurationPlatforms) = postSolution
		{BAC8177F-1CA7-4C8F-BA35-95D4D7855C9C}.Debug|x64.ActiveCfg = Debug|x64
		{BAC8177F-1CA7-4C8F-BA35-95D4D7855C9C}.Debug|x64.Build.0 = Debug|x64
		{BAC8177F-1CA7-4C8F-BA35-95D4D7855C9C}.Debug|x86.ActiveCfg = Debug|Win32
		{BAC8177F-1CA7-4C8F-BA35-95D4D7855C9C}.Debug|x86.Build.0 = Debug|Win32
		{BAC8177F-1CA7-4C8F-BA35-95D4D7855C9C}.Release|x64.ActiveCfg = Release|x64
		{BAC8177F-1CA7-4C8F-BA35-95D4D7855C9C}.Release|x64.Build.0 = Release|x64
		{BAC8177F-1CA7-4C8F-BA35-95D4D7855C9C}.Release|x86.ActiveCfg = Release|Win32
		{BAC8177F-1CA7-4C8F-BA35-95D4D7855C9C}.Release|x86.Build.0 = Release|Win32
	EndGlobalSection
	GlobalSection(SolutionProperties) = preSolution
		HideSolutionNode = FALSE
	EndGlobalSection
	GlobalSection(ExtensibilityGlobals) = postSolution
		SolutionGuid = {7124D7DD-9A5E-4A4F-A079-D45624B4039F}
	EndGlobalSection
EndGlobal
