
Microsoft Visual Studio Solution File, Format Version 12.00
# Visual Studio Version 16
VisualStudioVersion = 16.0.30711.63
MinimumVisualStudioVersion = 10.0.40219.1
Project("{8BC9CEB8-8B4A-11D0-8D11-00A0C91BC942}") = "RevisionQ3", "RevisionQ3\RevisionQ3.vcxproj", "{FC3D01FB-34D1-4248-B73B-BD463E8C3CBE}"
EndProject
Global
	GlobalSection(SolutionConfigurationPlatforms) = preSolution
		Debug|x64 = Debug|x64
		Debug|x86 = Debug|x86
		Release|x64 = Release|x64
		Release|x86 = Release|x86
	EndGlobalSection
	GlobalSection(ProjectConfigurationPlatforms) = postSolution
		{FC3D01FB-34D1-4248-B73B-BD463E8C3CBE}.Debug|x64.ActiveCfg = Debug|x64
		{FC3D01FB-34D1-4248-B73B-BD463E8C3CBE}.Debug|x64.Build.0 = Debug|x64
		{FC3D01FB-34D1-4248-B73B-BD463E8C3CBE}.Debug|x86.ActiveCfg = Debug|Win32
		{FC3D01FB-34D1-4248-B73B-BD463E8C3CBE}.Debug|x86.Build.0 = Debug|Win32
		{FC3D01FB-34D1-4248-B73B-BD463E8C3CBE}.Release|x64.ActiveCfg = Release|x64
		{FC3D01FB-34D1-4248-B73B-BD463E8C3CBE}.Release|x64.Build.0 = Release|x64
		{FC3D01FB-34D1-4248-B73B-BD463E8C3CBE}.Release|x86.ActiveCfg = Release|Win32
		{FC3D01FB-34D1-4248-B73B-BD463E8C3CBE}.Release|x86.Build.0 = Release|Win32
	EndGlobalSection
	GlobalSection(SolutionProperties) = preSolution
		HideSolutionNode = FALSE
	EndGlobalSection
	GlobalSection(ExtensibilityGlobals) = postSolution
		SolutionGuid = {6DC1E392-DDA8-4306-A307-C7501531F108}
	EndGlobalSection
EndGlobal
